
Microsoft Visual Studio Solution File, Format Version 12.00
# Visual Studio Version 17
VisualStudioVersion = 17.0.32112.339
MinimumVisualStudioVersion = 10.0.40219.1
Project("{FAE04EC0-301F-11D3-BF4B-00C04F79EFBC}") = "Assig1", "Assig1\Assig1.csproj", "{132C289A-023D-41B0-A20C-405DBC3DB10B}"
EndProject
Global
	GlobalSection(SolutionConfigurationPlatforms) = preSolution
		Debug|Any CPU = Debug|Any CPU
		Release|Any CPU = Release|Any CPU
	EndGlobalSection
	GlobalSection(ProjectConfigurationPlatforms) = postSolution
		{132C289A-023D-41B0-A20C-405DBC3DB10B}.Debug|Any CPU.ActiveCfg = Debug|Any CPU
		{132C289A-023D-41B0-A20C-405DBC3DB10B}.Debug|Any CPU.Build.0 = Debug|Any CPU
		{132C289A-023D-41B0-A20C-405DBC3DB10B}.Release|Any CPU.ActiveCfg = Release|Any CPU
		{132C289A-023D-41B0-A20C-405DBC3DB10B}.Release|Any CPU.Build.0 = Release|Any CPU
	EndGlobalSection
	GlobalSection(SolutionProperties) = preSolution
		HideSolutionNode = FALSE
	EndGlobalSection
	GlobalSection(ExtensibilityGlobals) = postSolution
		SolutionGuid = {6D0C54E0-F189-4367-9AE7-5A0AD59552B0}
	EndGlobalSection
EndGlobal
